
Microsoft Visual Studio Solution File, Format Version 12.00
# Visual Studio 15
VisualStudioVersion = 15.0.27130.2026
MinimumVisualStudioVersion = 10.0.40219.1
Project("{9A19103F-16F7-4668-BE54-9A1E7A4F7556}") = "Web", "Web\Web.csproj", "{6F0F2DEC-DD14-4075-B7BB-DDBFD91D7F25}"
EndProject
Project("{9A19103F-16F7-4668-BE54-9A1E7A4F7556}") = "Core", "Core\Core.csproj", "{4F60C9D4-550E-4EC5-8248-C6F7DE438B10}"
EndProject
Project("{9A19103F-16F7-4668-BE54-9A1E7A4F7556}") = "Database", "Database\Database.csproj", "{6F9A8345-B077-4C8D-A527-E1EF06EB85A3}"
EndProject
Project("{9A19103F-16F7-4668-BE54-9A1E7A4F7556}") = "Build", "Build\Build.csproj", "{489E4CA1-F5E4-42CD-91B1-63A1B38AA6D5}"
EndProject
Project("{9A19103F-16F7-4668-BE54-9A1E7A4F7556}") = "FileIo", "FileIo\FileIo.csproj", "{98373EAC-85BA-4091-ADAA-4FAA7918A420}"
EndProject
Project("{9A19103F-16F7-4668-BE54-9A1E7A4F7556}") = "CitiFileImporterConsole", "CitiFileImporterConsole\CitiFileImporterConsole.csproj", "{4C88FEFE-F6C2-4A93-8989-E13FA0F9DC11}"
EndProject
Project("{9A19103F-16F7-4668-BE54-9A1E7A4F7556}") = "UnitTests", "UnitTests\UnitTests.csproj", "{F50264A9-E6B6-455A-AF39-AADF38359DA4}"
EndProject
Project("{FAE04EC0-301F-11D3-BF4B-00C04F79EFBC}") = "IntegrationTests", "IntegrationTests\IntegrationTests.csproj", "{C9F5398D-3A90-4ABA-BC29-2C741BE4E199}"
EndProject
Global
	GlobalSection(SolutionConfigurationPlatforms) = preSolution
		Debug|Any CPU = Debug|Any CPU
		Release|Any CPU = Release|Any CPU
	EndGlobalSection
	GlobalSection(ProjectConfigurationPlatforms) = postSolution
		{6F0F2DEC-DD14-4075-B7BB-DDBFD91D7F25}.Debug|Any CPU.ActiveCfg = Debug|Any CPU
		{6F0F2DEC-DD14-4075-B7BB-DDBFD91D7F25}.Debug|Any CPU.Build.0 = Debug|Any CPU
		{6F0F2DEC-DD14-4075-B7BB-DDBFD91D7F25}.Release|Any CPU.ActiveCfg = Release|Any CPU
		{6F0F2DEC-DD14-4075-B7BB-DDBFD91D7F25}.Release|Any CPU.Build.0 = Release|Any CPU
		{4F60C9D4-550E-4EC5-8248-C6F7DE438B10}.Debug|Any CPU.ActiveCfg = Debug|Any CPU
		{4F60C9D4-550E-4EC5-8248-C6F7DE438B10}.Debug|Any CPU.Build.0 = Debug|Any CPU
		{4F60C9D4-550E-4EC5-8248-C6F7DE438B10}.Release|Any CPU.ActiveCfg = Release|Any CPU
		{4F60C9D4-550E-4EC5-8248-C6F7DE438B10}.Release|Any CPU.Build.0 = Release|Any CPU
		{6F9A8345-B077-4C8D-A527-E1EF06EB85A3}.Debug|Any CPU.ActiveCfg = Debug|Any CPU
		{6F9A8345-B077-4C8D-A527-E1EF06EB85A3}.Debug|Any CPU.Build.0 = Debug|Any CPU
		{6F9A8345-B077-4C8D-A527-E1EF06EB85A3}.Release|Any CPU.ActiveCfg = Release|Any CPU
		{6F9A8345-B077-4C8D-A527-E1EF06EB85A3}.Release|Any CPU.Build.0 = Release|Any CPU
		{489E4CA1-F5E4-42CD-91B1-63A1B38AA6D5}.Debug|Any CPU.ActiveCfg = Debug|Any CPU
		{489E4CA1-F5E4-42CD-91B1-63A1B38AA6D5}.Debug|Any CPU.Build.0 = Debug|Any CPU
		{489E4CA1-F5E4-42CD-91B1-63A1B38AA6D5}.Release|Any CPU.ActiveCfg = Release|Any CPU
		{489E4CA1-F5E4-42CD-91B1-63A1B38AA6D5}.Release|Any CPU.Build.0 = Release|Any CPU
		{98373EAC-85BA-4091-ADAA-4FAA7918A420}.Debug|Any CPU.ActiveCfg = Debug|Any CPU
		{98373EAC-85BA-4091-ADAA-4FAA7918A420}.Debug|Any CPU.Build.0 = Debug|Any CPU
		{98373EAC-85BA-4091-ADAA-4FAA7918A420}.Release|Any CPU.ActiveCfg = Release|Any CPU
		{98373EAC-85BA-4091-ADAA-4FAA7918A420}.Release|Any CPU.Build.0 = Release|Any CPU
		{4C88FEFE-F6C2-4A93-8989-E13FA0F9DC11}.Debug|Any CPU.ActiveCfg = Debug|Any CPU
		{4C88FEFE-F6C2-4A93-8989-E13FA0F9DC11}.Debug|Any CPU.Build.0 = Debug|Any CPU
		{4C88FEFE-F6C2-4A93-8989-E13FA0F9DC11}.Release|Any CPU.ActiveCfg = Release|Any CPU
		{4C88FEFE-F6C2-4A93-8989-E13FA0F9DC11}.Release|Any CPU.Build.0 = Release|Any CPU
		{F50264A9-E6B6-455A-AF39-AADF38359DA4}.Debug|Any CPU.ActiveCfg = Debug|Any CPU
		{F50264A9-E6B6-455A-AF39-AADF38359DA4}.Debug|Any CPU.Build.0 = Debug|Any CPU
		{F50264A9-E6B6-455A-AF39-AADF38359DA4}.Release|Any CPU.ActiveCfg = Release|Any CPU
		{F50264A9-E6B6-455A-AF39-AADF38359DA4}.Release|Any CPU.Build.0 = Release|Any CPU
		{C9F5398D-3A90-4ABA-BC29-2C741BE4E199}.Debug|Any CPU.ActiveCfg = Debug|Any CPU
		{C9F5398D-3A90-4ABA-BC29-2C741BE4E199}.Debug|Any CPU.Build.0 = Debug|Any CPU
		{C9F5398D-3A90-4ABA-BC29-2C741BE4E199}.Release|Any CPU.ActiveCfg = Release|Any CPU
		{C9F5398D-3A90-4ABA-BC29-2C741BE4E199}.Release|Any CPU.Build.0 = Release|Any CPU
	EndGlobalSection
	GlobalSection(SolutionProperties) = preSolution
		HideSolutionNode = FALSE
	EndGlobalSection
	GlobalSection(ExtensibilityGlobals) = postSolution
		SolutionGuid = {F59938C7-2D17-4AB5-AE96-5B25AD23D6EA}
	EndGlobalSection
EndGlobal
